
Microsoft Visual Studio Solution File, Format Version 12.00
Project("{FAE04EC0-301F-11D3-BF4B-00C04F79EFBC}") = "MedDRA_Backhend", "MedDRA_Backhend.csproj", "{0A54095A-90F9-4DA0-B86A-47A108403807}"
EndProject
Global
	GlobalSection(SolutionConfigurationPlatforms) = preSolution
		Debug|Any CPU = Debug|Any CPU
		Release|Any CPU = Release|Any CPU
	EndGlobalSection
	GlobalSection(ProjectConfigurationPlatforms) = postSolution
		{0A54095A-90F9-4DA0-B86A-47A108403807}.Debug|Any CPU.ActiveCfg = Debug|Any CPU
		{0A54095A-90F9-4DA0-B86A-47A108403807}.Debug|Any CPU.Build.0 = Debug|Any CPU
		{0A54095A-90F9-4DA0-B86A-47A108403807}.Release|Any CPU.ActiveCfg = Release|Any CPU
		{0A54095A-90F9-4DA0-B86A-47A108403807}.Release|Any CPU.Build.0 = Release|Any CPU
	EndGlobalSection
EndGlobal
